# This file is automatically @generated by Cargo.
# It is not intended for manual editing.
version = 4

[[package]]
name = "ak-abi"
version = "0.0.0"

[[package]]
name = "ak-core-java"
version = "0.0.0"
dependencies = [
 "ak-abi",
 "ak-rt",
 "simdutf8",
]

[[package]]
name = "ak-rt"
version = "0.0.0"

[[package]]
name = "simdutf8"
version = "0.1.5"
source = "registry+https://github.com/rust-lang/crates.io-index"
checksum = "e3a9fe34e3e7a50316060351f37187a3f546bce95496156754b601a5fa71b76e"
